
Microsoft Visual Studio Solution File, Format Version 12.00
# Visual Studio Version 16
VisualStudioVersion = 16.0.31313.79
MinimumVisualStudioVersion = 10.0.40219.1
Project("{FAE04EC0-301F-11D3-BF4B-00C04F79EFBC}") = "MyConsoleApp", "MyConsoleApp.csproj", "{95AAEF9B-E233-4D2C-B289-A5EE818D798C}"
EndProject
Global
	GlobalSection(SolutionConfigurationPlatforms) = preSolution
		Debug|Any CPU = Debug|Any CPU
		Release|Any CPU = Release|Any CPU
	EndGlobalSection
	GlobalSection(ProjectConfigurationPlatforms) = postSolution
		{95AAEF9B-E233-4D2C-B289-A5EE818D798C}.Debug|Any CPU.ActiveCfg = Debug|Any CPU
		{95AAEF9B-E233-4D2C-B289-A5EE818D798C}.Debug|Any CPU.Build.0 = Debug|Any CPU
		{95AAEF9B-E233-4D2C-B289-A5EE818D798C}.Release|Any CPU.ActiveCfg = Release|Any CPU
		{95AAEF9B-E233-4D2C-B289-A5EE818D798C}.Release|Any CPU.Build.0 = Release|Any CPU
	EndGlobalSection
	GlobalSection(SolutionProperties) = preSolution
		HideSolutionNode = FALSE
	EndGlobalSection
	GlobalSection(ExtensibilityGlobals) = postSolution
		SolutionGuid = {6CB7F666-FE6E-4BF1-824E-AA1EDB6F07F6}
	EndGlobalSection
EndGlobal
